# THIS IS AN AUTOGENERATED FILE. DO NOT EDIT THIS FILE DIRECTLY.
# yarn lockfile v1


"@simonwep/pickr@^1.8.0":
  version "1.8.0"
  resolved "https://registry.yarnpkg.com/@simonwep/pickr/-/pickr-1.8.0.tgz#adbff9a4f7f0e59dec9946508c5e481b7abae0f8"
  integrity sha512-VaSD7TwktOsro5nQ/FjRx5JAJ09k5CNfGRHacgVRxeVPolUQwelz1SjL8HAOKZwTSmcnIObptpHABQS4zgN7sw==
  dependencies:
    core-js "^3.8.0"
    nanopop "^2.1.0"

classnames@^2.2.5:
  version "2.2.6"
  resolved "https://registry.yarnpkg.com/classnames/-/classnames-2.2.6.tgz#43935bffdd291f326dad0a205309b38d00f650ce"
  integrity sha512-JR/iSQOSt+LQIWwrwEzJ9uk0xfN3mTVYMwt1Ir5mUcSN6pU+V4zQFFaJsclJbPuAUQH+yfWef6tm7l1quW3C8Q==

core-js@^3.1.3, core-js@^3.8.0:
  version "3.9.0"
  resolved "https://registry.yarnpkg.com/core-js/-/core-js-3.9.0.tgz#790b1bb11553a2272b36e2625c7179db345492f8"
  integrity sha512-PyFBJaLq93FlyYdsndE5VaueA9K5cNB7CGzeCj191YYLhkQM0gdZR2SKihM70oF0wdqKSKClv/tEBOpoRmdOVQ==

feather-icons@^4.28.0:
  version "4.28.0"
  resolved "https://registry.yarnpkg.com/feather-icons/-/feather-icons-4.28.0.tgz#e1892a401fe12c4559291770ff6e68b0168e760f"
  integrity sha512-gRdqKESXRBUZn6Nl0VBq2wPHKRJgZz7yblrrc2lYsS6odkNFDnA4bqvrlEVRUPjE1tFax+0TdbJKZ31ziJuzjg==
  dependencies:
    classnames "^2.2.5"
    core-js "^3.1.3"

gsap@^3.6.0:
  version "3.6.0"
  resolved "https://registry.yarnpkg.com/gsap/-/gsap-3.6.0.tgz#925f25370c698ce0f6ea563522da8f6b5ed21b0a"
  integrity sha512-0P3syv1TmYr+A/VZ8UMFzw+s0XoaKSzzDFs8NqkXiJTXI4E/VTi0zRjPgxaPBpiUPPycgRnFjLDe0Tb4dRRf+w==

nanopop@^2.1.0:
  version "2.1.0"
  resolved "https://registry.yarnpkg.com/nanopop/-/nanopop-2.1.0.tgz#23476513cee2405888afd2e8a4b54066b70b9e60"
  integrity sha512-jGTwpFRexSH+fxappnGQtN9dspgE2ipa1aOjtR24igG0pv6JCxImIAmrLRHX+zUF5+1wtsFVbKyfP51kIGAVNw==
